Microsoft Visual Studio Solution File, Format Version 12.00
# Visual Studio 17
VisualStudioVersion = 17.0.31903.59
MinimumVisualStudioVersion = 10.0.40219.1
Project("{FAE04EC0-301F-11D3-BF4B-00C04F79EFBC}") = "HRSystem.Web", "HRSystem.Web\HRSystem.Web.csproj", "{144F12C2-75EE-4D8B-8DF0-72A77AF198CC}"
EndProject
Project("{FAE04EC0-301F-11D3-BF4B-00C04F79EFBC}") = "HRSystem.Domain", "HRSystem.Domain\HRSystem.Domain.csproj", "{0DF70993-BE3B-401C-8CD4-68DE42BBA827}"
EndProject
Project("{FAE04EC0-301F-11D3-BF4B-00C04F79EFBC}") = "FrameworkX.Common", "FrameworkX.Common\FrameworkX.Common.csproj", "{40694E25-6508-4850-8B22-7F86C8A62B78}"
EndProject
Project("{FAE04EC0-301F-11D3-BF4B-00C04F79EFBC}") = "HRSystem.Tests", "HRSystem.Tests\HRSystem.Tests.csproj", "{5CCE02D5-0786-487E-A7BE-76AB7E17AA98}"
EndProject
Global
	GlobalSection(SolutionConfigurationPlatforms) = preSolution
		Debug|Any CPU = Debug|Any CPU
		Release|Any CPU = Release|Any CPU
	EndGlobalSection
	GlobalSection(ProjectConfigurationPlatforms) = postSolution
		{144F12C2-75EE-4D8B-8DF0-72A77AF198CC}.Debug|Any CPU.ActiveCfg = Debug|Any CPU
		{144F12C2-75EE-4D8B-8DF0-72A77AF198CC}.Debug|Any CPU.Build.0 = Debug|Any CPU
		{144F12C2-75EE-4D8B-8DF0-72A77AF198CC}.Release|Any CPU.ActiveCfg = Release|Any CPU
		{144F12C2-75EE-4D8B-8DF0-72A77AF198CC}.Release|Any CPU.Build.0 = Release|Any CPU
		{0DF70993-BE3B-401C-8CD4-68DE42BBA827}.Debug|Any CPU.ActiveCfg = Debug|Any CPU
		{0DF70993-BE3B-401C-8CD4-68DE42BBA827}.Debug|Any CPU.Build.0 = Debug|Any CPU
		{0DF70993-BE3B-401C-8CD4-68DE42BBA827}.Release|Any CPU.ActiveCfg = Release|Any CPU
		{0DF70993-BE3B-401C-8CD4-68DE42BBA827}.Release|Any CPU.Build.0 = Release|Any CPU
		{40694E25-6508-4850-8B22-7F86C8A62B78}.Debug|Any CPU.ActiveCfg = Debug|Any CPU
		{40694E25-6508-4850-8B22-7F86C8A62B78}.Debug|Any CPU.Build.0 = Debug|Any CPU
		{40694E25-6508-4850-8B22-7F86C8A62B78}.Release|Any CPU.ActiveCfg = Release|Any CPU
		{40694E25-6508-4850-8B22-7F86C8A62B78}.Release|Any CPU.Build.0 = Release|Any CPU
		{5CCE02D5-0786-487E-A7BE-76AB7E17AA98}.Debug|Any CPU.ActiveCfg = Debug|Any CPU
		{5CCE02D5-0786-487E-A7BE-76AB7E17AA98}.Debug|Any CPU.Build.0 = Debug|Any CPU
		{5CCE02D5-0786-487E-A7BE-76AB7E17AA98}.Release|Any CPU.ActiveCfg = Release|Any CPU
		{5CCE02D5-0786-487E-A7BE-76AB7E17AA98}.Release|Any CPU.Build.0 = Release|Any CPU
	EndGlobalSection
	GlobalSection(SolutionProperties) = preSolution
		HideSolutionNode = FALSE
	EndGlobalSection
EndGlobal
		{5CCE02D5-0786-487E-A7BE-76AB7E17AA98}.Release|Any CPU.Build.0 = Release|Any CPU
	EndGlobalSection
	GlobalSection(SolutionProperties) = preSolution
		HideSolutionNode = FALSE
	EndGlobalSection
EndGlobal
